
Microsoft Visual Studio Solution File, Format Version 12.00
# Visual Studio Version 16
VisualStudioVersion = 16.0.33529.622
MinimumVisualStudioVersion = 10.0.40219.1
Project("{FAE04EC0-301F-11D3-BF4B-00C04F79EFBC}") = "MVCIntegrador2", "MVCIntegrador2.csproj", "{E58FE644-79BA-418B-8A2B-AE0AF681A246}"
EndProject
Project("{FAE04EC0-301F-11D3-BF4B-00C04F79EFBC}") = "Recursos", "..\Recursos\Recursos.csproj", "{06C6C758-1440-4389-8DA3-9FF358738330}"
EndProject
Global
	GlobalSection(SolutionConfigurationPlatforms) = preSolution
		Debug|Any CPU = Debug|Any CPU
		Release|Any CPU = Release|Any CPU
	EndGlobalSection
	GlobalSection(ProjectConfigurationPlatforms) = postSolution
		{E58FE644-79BA-418B-8A2B-AE0AF681A246}.Debug|Any CPU.ActiveCfg = Debug|Any CPU
		{E58FE644-79BA-418B-8A2B-AE0AF681A246}.Debug|Any CPU.Build.0 = Debug|Any CPU
		{E58FE644-79BA-418B-8A2B-AE0AF681A246}.Release|Any CPU.ActiveCfg = Release|Any CPU
		{E58FE644-79BA-418B-8A2B-AE0AF681A246}.Release|Any CPU.Build.0 = Release|Any CPU
		{06C6C758-1440-4389-8DA3-9FF358738330}.Debug|Any CPU.ActiveCfg = Debug|Any CPU
		{06C6C758-1440-4389-8DA3-9FF358738330}.Debug|Any CPU.Build.0 = Debug|Any CPU
		{06C6C758-1440-4389-8DA3-9FF358738330}.Release|Any CPU.ActiveCfg = Release|Any CPU
		{06C6C758-1440-4389-8DA3-9FF358738330}.Release|Any CPU.Build.0 = Release|Any CPU
	EndGlobalSection
	GlobalSection(SolutionProperties) = preSolution
		HideSolutionNode = FALSE
	EndGlobalSection
	GlobalSection(ExtensibilityGlobals) = postSolution
		SolutionGuid = {DA5A2D98-4B19-4B95-A7EB-C2119BEBC38A}
	EndGlobalSection
EndGlobal
